
Microsoft Visual Studio Solution File, Format Version 12.00
# Visual Studio Version 16
VisualStudioVersion = 16.0.33214.272
MinimumVisualStudioVersion = 10.0.40219.1
Project("{FAE04EC0-301F-11D3-BF4B-00C04F79EFBC}") = "Lab Strings and Text Processing", "Lab Strings and Text Processing\Lab Strings and Text Processing.csproj", "{31B85384-5E24-45F0-8018-2AFCB95F926C}"
EndProject
Project("{FAE04EC0-301F-11D3-BF4B-00C04F79EFBC}") = "02. Repeat Strings", "02. Repeat Strings\02. Repeat Strings.csproj", "{403B7707-DFB3-4E2F-B402-0AA85FA676AA}"
EndProject
Project("{FAE04EC0-301F-11D3-BF4B-00C04F79EFBC}") = "03. Substring", "03. Substring\03. Substring.csproj", "{19BDFA32-A992-4FF4-8FB8-24F7FA3283BD}"
EndProject
Project("{FAE04EC0-301F-11D3-BF4B-00C04F79EFBC}") = "04. Text Filter", "04. Text Filter\04. Text Filter.csproj", "{8BED4B50-DEA7-4249-A6D2-3C380B5B7ED5}"
EndProject
Global
	GlobalSection(SolutionConfigurationPlatforms) = preSolution
		Debug|Any CPU = Debug|Any CPU
		Release|Any CPU = Release|Any CPU
	EndGlobalSection
	GlobalSection(ProjectConfigurationPlatforms) = postSolution
		{31B85384-5E24-45F0-8018-2AFCB95F926C}.Debug|Any CPU.ActiveCfg = Debug|Any CPU
		{31B85384-5E24-45F0-8018-2AFCB95F926C}.Debug|Any CPU.Build.0 = Debug|Any CPU
		{31B85384-5E24-45F0-8018-2AFCB95F926C}.Release|Any CPU.ActiveCfg = Release|Any CPU
		{31B85384-5E24-45F0-8018-2AFCB95F926C}.Release|Any CPU.Build.0 = Release|Any CPU
		{403B7707-DFB3-4E2F-B402-0AA85FA676AA}.Debug|Any CPU.ActiveCfg = Debug|Any CPU
		{403B7707-DFB3-4E2F-B402-0AA85FA676AA}.Debug|Any CPU.Build.0 = Debug|Any CPU
		{403B7707-DFB3-4E2F-B402-0AA85FA676AA}.Release|Any CPU.ActiveCfg = Release|Any CPU
		{403B7707-DFB3-4E2F-B402-0AA85FA676AA}.Release|Any CPU.Build.0 = Release|Any CPU
		{19BDFA32-A992-4FF4-8FB8-24F7FA3283BD}.Debug|Any CPU.ActiveCfg = Debug|Any CPU
		{19BDFA32-A992-4FF4-8FB8-24F7FA3283BD}.Debug|Any CPU.Build.0 = Debug|Any CPU
		{19BDFA32-A992-4FF4-8FB8-24F7FA3283BD}.Release|Any CPU.ActiveCfg = Release|Any CPU
		{19BDFA32-A992-4FF4-8FB8-24F7FA3283BD}.Release|Any CPU.Build.0 = Release|Any CPU
		{8BED4B50-DEA7-4249-A6D2-3C380B5B7ED5}.Debug|Any CPU.ActiveCfg = Debug|Any CPU
		{8BED4B50-DEA7-4249-A6D2-3C380B5B7ED5}.Debug|Any CPU.Build.0 = Debug|Any CPU
		{8BED4B50-DEA7-4249-A6D2-3C380B5B7ED5}.Release|Any CPU.ActiveCfg = Release|Any CPU
		{8BED4B50-DEA7-4249-A6D2-3C380B5B7ED5}.Release|Any CPU.Build.0 = Release|Any CPU
	EndGlobalSection
	GlobalSection(SolutionProperties) = preSolution
		HideSolutionNode = FALSE
	EndGlobalSection
	GlobalSection(ExtensibilityGlobals) = postSolution
		SolutionGuid = {3FD4A016-8F15-4B27-A62B-05CC0BD5CDB0}
	EndGlobalSection
EndGlobal
